
Microsoft Visual Studio Solution File, Format Version 12.00
# Visual Studio Version 17
VisualStudioVersion = 17.9.34902.65
MinimumVisualStudioVersion = 10.0.40219.1
Project("{FAE04EC0-301F-11D3-BF4B-00C04F79EFBC}") = "Presentacion", "Examen4\Presentacion.csproj", "{D85087F8-9F0B-41EA-ADB6-115699A77937}"
EndProject
Project("{FAE04EC0-301F-11D3-BF4B-00C04F79EFBC}") = "Negocio", "Negocio\Negocio.csproj", "{FC8D25FE-58BF-404A-A79C-E3B8D69B26F1}"
EndProject
Project("{FAE04EC0-301F-11D3-BF4B-00C04F79EFBC}") = "Datos", "Datos\Datos.csproj", "{0866FA7B-9381-4952-A758-D2202958AA46}"
EndProject
Project("{FAE04EC0-301F-11D3-BF4B-00C04F79EFBC}") = "Entidad", "Entidad\Entidad.csproj", "{27D5ED22-0B67-45CE-B3F0-F01F990F7F61}"
EndProject
Global
	GlobalSection(SolutionConfigurationPlatforms) = preSolution
		Debug|Any CPU = Debug|Any CPU
		Release|Any CPU = Release|Any CPU
	EndGlobalSection
	GlobalSection(ProjectConfigurationPlatforms) = postSolution
		{D85087F8-9F0B-41EA-ADB6-115699A77937}.Debug|Any CPU.ActiveCfg = Debug|Any CPU
		{D85087F8-9F0B-41EA-ADB6-115699A77937}.Debug|Any CPU.Build.0 = Debug|Any CPU
		{D85087F8-9F0B-41EA-ADB6-115699A77937}.Release|Any CPU.ActiveCfg = Release|Any CPU
		{D85087F8-9F0B-41EA-ADB6-115699A77937}.Release|Any CPU.Build.0 = Release|Any CPU
		{FC8D25FE-58BF-404A-A79C-E3B8D69B26F1}.Debug|Any CPU.ActiveCfg = Debug|Any CPU
		{FC8D25FE-58BF-404A-A79C-E3B8D69B26F1}.Debug|Any CPU.Build.0 = Debug|Any CPU
		{FC8D25FE-58BF-404A-A79C-E3B8D69B26F1}.Release|Any CPU.ActiveCfg = Release|Any CPU
		{FC8D25FE-58BF-404A-A79C-E3B8D69B26F1}.Release|Any CPU.Build.0 = Release|Any CPU
		{0866FA7B-9381-4952-A758-D2202958AA46}.Debug|Any CPU.ActiveCfg = Debug|Any CPU
		{0866FA7B-9381-4952-A758-D2202958AA46}.Debug|Any CPU.Build.0 = Debug|Any CPU
		{0866FA7B-9381-4952-A758-D2202958AA46}.Release|Any CPU.ActiveCfg = Release|Any CPU
		{0866FA7B-9381-4952-A758-D2202958AA46}.Release|Any CPU.Build.0 = Release|Any CPU
		{27D5ED22-0B67-45CE-B3F0-F01F990F7F61}.Debug|Any CPU.ActiveCfg = Debug|Any CPU
		{27D5ED22-0B67-45CE-B3F0-F01F990F7F61}.Debug|Any CPU.Build.0 = Debug|Any CPU
		{27D5ED22-0B67-45CE-B3F0-F01F990F7F61}.Release|Any CPU.ActiveCfg = Release|Any CPU
		{27D5ED22-0B67-45CE-B3F0-F01F990F7F61}.Release|Any CPU.Build.0 = Release|Any CPU
	EndGlobalSection
	GlobalSection(SolutionProperties) = preSolution
		HideSolutionNode = FALSE
	EndGlobalSection
	GlobalSection(ExtensibilityGlobals) = postSolution
		SolutionGuid = {C75FF9CF-5287-40FB-82BB-9804FF399D5A}
	EndGlobalSection
EndGlobal
